
Microsoft Visual Studio Solution File, Format Version 12.00
# Visual Studio Version 17
VisualStudioVersion = 17.5.33424.131
MinimumVisualStudioVersion = 10.0.40219.1
Project("{9A19103F-16F7-4668-BE54-9A1E7A4F7556}") = "ClubFestBotCSharp", "ClubFestBotCSharp\ClubFestBotCSharp.csproj", "{3C530BF6-A65C-461C-AD66-2F2B2ABCA4D4}"
EndProject
Global
	GlobalSection(SolutionConfigurationPlatforms) = preSolution
		Debug|Any CPU = Debug|Any CPU
		Release|Any CPU = Release|Any CPU
	EndGlobalSection
	GlobalSection(ProjectConfigurationPlatforms) = postSolution
		{3C530BF6-A65C-461C-AD66-2F2B2ABCA4D4}.Debug|Any CPU.ActiveCfg = Debug|Any CPU
		{3C530BF6-A65C-461C-AD66-2F2B2ABCA4D4}.Debug|Any CPU.Build.0 = Debug|Any CPU
		{3C530BF6-A65C-461C-AD66-2F2B2ABCA4D4}.Release|Any CPU.ActiveCfg = Release|Any CPU
		{3C530BF6-A65C-461C-AD66-2F2B2ABCA4D4}.Release|Any CPU.Build.0 = Release|Any CPU
	EndGlobalSection
	GlobalSection(SolutionProperties) = preSolution
		HideSolutionNode = FALSE
	EndGlobalSection
	GlobalSection(ExtensibilityGlobals) = postSolution
		SolutionGuid = {968121BD-8CA2-4FDE-8FFF-740526FEF43E}
	EndGlobalSection
EndGlobal
